{
  "originHash" : "994c7b762e7be322ee0a7efa68520259cae450bb425cf406ad66441e8f2e23f7",
  "pins" : [
    {
      "identity" : "alamofire",
      "kind" : "remoteSourceControl",
      "location" : "https://github.com/Alamofire/Alamofire.git",
      "state" : {
        "revision" : "747c8db8d57b68d5e35275f10c92d55f982adbd4",
        "version" : "4.9.1"
      }
    },
    {
      "identity" : "purchases-ios",
      "kind" : "remoteSourceControl",
      "location" : "https://github.com/RevenueCat/purchases-ios",
      "state" : {
        "revision" : "6e23b9f35228839a2264da96f454965568e2ad35",
        "version" : "5.20.1"
      }
    },
    {
      "identity" : "rive-ios",
      "kind" : "remoteSourceControl",
      "location" : "https://github.com/rive-app/rive-ios",
      "state" : {
        "revision" : "b909fb8d227a57548ec554a398a27ef0f021b421",
        "version" : "6.7.2"
      }
    },
    {
      "identity" : "spline-ios",
      "kind" : "remoteSourceControl",
      "location" : "https://github.com/splinetool/spline-ios",
      "state" : {
        "branch" : "main",
        "revision" : "b2059bd2bebd793b26a708c24b58878e3fe35d56"
      }
    },
    {
      "identity" : "stravaswift",
      "kind" : "remoteSourceControl",
      "location" : "https://github.com/mpclarkson/StravaSwift",
      "state" : {
        "revision" : "2f85579d79a6ceb1898a67720f1eac4e1c3d2c38",
        "version" : "1.0.2"
      }
    },
    {
      "identity" : "swiftyjson",
      "kind" : "remoteSourceControl",
      "location" : "https://github.com/SwiftyJSON/SwiftyJSON.git",
      "state" : {
        "revision" : "af76cf3ef710b6ca5f8c05f3a31307d44a3c5828",
        "version" : "5.0.2"
      }
    }
  ],
  "version" : 3
}
